
Microsoft Visual Studio Solution File, Format Version 12.00
# Visual Studio 15
Project("{FAE04EC0-301F-11D3-BF4B-00C04F79EFBC}") = "Assembly-CSharp", "Assembly-CSharp.csproj", "{FEE164D5-C4B5-150A-9378-109E781BC999}"
EndProject
Global
	GlobalSection(SolutionConfigurationPlatforms) = preSolution
		Debug|Any CPU = Debug|Any CPU
		Release|Any CPU = Release|Any CPU
	EndGlobalSection
	GlobalSection(ProjectConfigurationPlatforms) = postSolution
		{FEE164D5-C4B5-150A-9378-109E781BC999}.Debug|Any CPU.ActiveCfg = Debug|Any CPU
		{FEE164D5-C4B5-150A-9378-109E781BC999}.Debug|Any CPU.Build.0 = Debug|Any CPU
		{FEE164D5-C4B5-150A-9378-109E781BC999}.Release|Any CPU.ActiveCfg = Release|Any CPU
		{FEE164D5-C4B5-150A-9378-109E781BC999}.Release|Any CPU.Build.0 = Release|Any CPU
	EndGlobalSection
	GlobalSection(SolutionProperties) = preSolution
		HideSolutionNode = FALSE
	EndGlobalSection
EndGlobal
